
Microsoft Visual Studio Solution File, Format Version 12.00
# Visual Studio Version 17
VisualStudioVersion = 17.7.34031.279
MinimumVisualStudioVersion = 10.0.40219.1
Project("{9A19103F-16F7-4668-BE54-9A1E7A4F7556}") = "BookSigning", "BookSigning\BookSigning.csproj", "{B9CA5B98-785C-43E8-BA53-CB3572476216}"
EndProject
Project("{2150E333-8FDC-42A3-9474-1A3956D46DE8}") = "Api", "Api", "{7FA05C3F-F0AE-4FCF-A5A7-F421DD247FDD}"
EndProject
Project("{2150E333-8FDC-42A3-9474-1A3956D46DE8}") = "Infra.Data", "Infra.Data", "{5EDCF970-41EA-4A88-96E3-2884428581BF}"
EndProject
Project("{9A19103F-16F7-4668-BE54-9A1E7A4F7556}") = "Infra.Data", "Infra.Data\Infra.Data.csproj", "{C8CC9CB7-B7BD-4B4C-9F0E-82D6550AA31B}"
EndProject
Project("{2150E333-8FDC-42A3-9474-1A3956D46DE8}") = "Application", "Application", "{34BAEF27-F825-4896-A6BA-4553EBD51BB8}"
EndProject
Project("{9A19103F-16F7-4668-BE54-9A1E7A4F7556}") = "Application", "Application\Application.csproj", "{1654A22A-1DE1-46AB-BECF-DF28D2D7A882}"
EndProject
Project("{2150E333-8FDC-42A3-9474-1A3956D46DE8}") = "Core", "Core", "{E17A7D77-FDC5-4476-B375-B7EC768DFFA2}"
EndProject
Project("{9A19103F-16F7-4668-BE54-9A1E7A4F7556}") = "Core", "Core\Core.csproj", "{4E6258B7-5837-4ABD-91E5-C4F2AA41092A}"
EndProject
Project("{2150E333-8FDC-42A3-9474-1A3956D46DE8}") = "Infra.IoC", "Infra.IoC", "{24C8945A-2528-44BA-9708-BDC4C5B16F54}"
EndProject
Project("{FAE04EC0-301F-11D3-BF4B-00C04F79EFBC}") = "Infra.IoC", "Infra.IoC\Infra.IoC.csproj", "{ABC41473-6BC2-440C-BACA-8E085C849AEA}"
EndProject
Global
	GlobalSection(SolutionConfigurationPlatforms) = preSolution
		Debug|Any CPU = Debug|Any CPU
		Release|Any CPU = Release|Any CPU
	EndGlobalSection
	GlobalSection(ProjectConfigurationPlatforms) = postSolution
		{B9CA5B98-785C-43E8-BA53-CB3572476216}.Debug|Any CPU.ActiveCfg = Debug|Any CPU
		{B9CA5B98-785C-43E8-BA53-CB3572476216}.Debug|Any CPU.Build.0 = Debug|Any CPU
		{B9CA5B98-785C-43E8-BA53-CB3572476216}.Release|Any CPU.ActiveCfg = Release|Any CPU
		{B9CA5B98-785C-43E8-BA53-CB3572476216}.Release|Any CPU.Build.0 = Release|Any CPU
		{C8CC9CB7-B7BD-4B4C-9F0E-82D6550AA31B}.Debug|Any CPU.ActiveCfg = Debug|Any CPU
		{C8CC9CB7-B7BD-4B4C-9F0E-82D6550AA31B}.Debug|Any CPU.Build.0 = Debug|Any CPU
		{C8CC9CB7-B7BD-4B4C-9F0E-82D6550AA31B}.Release|Any CPU.ActiveCfg = Release|Any CPU
		{C8CC9CB7-B7BD-4B4C-9F0E-82D6550AA31B}.Release|Any CPU.Build.0 = Release|Any CPU
		{1654A22A-1DE1-46AB-BECF-DF28D2D7A882}.Debug|Any CPU.ActiveCfg = Debug|Any CPU
		{1654A22A-1DE1-46AB-BECF-DF28D2D7A882}.Debug|Any CPU.Build.0 = Debug|Any CPU
		{1654A22A-1DE1-46AB-BECF-DF28D2D7A882}.Release|Any CPU.ActiveCfg = Release|Any CPU
		{1654A22A-1DE1-46AB-BECF-DF28D2D7A882}.Release|Any CPU.Build.0 = Release|Any CPU
		{4E6258B7-5837-4ABD-91E5-C4F2AA41092A}.Debug|Any CPU.ActiveCfg = Debug|Any CPU
		{4E6258B7-5837-4ABD-91E5-C4F2AA41092A}.Debug|Any CPU.Build.0 = Debug|Any CPU
		{4E6258B7-5837-4ABD-91E5-C4F2AA41092A}.Release|Any CPU.ActiveCfg = Release|Any CPU
		{4E6258B7-5837-4ABD-91E5-C4F2AA41092A}.Release|Any CPU.Build.0 = Release|Any CPU
		{ABC41473-6BC2-440C-BACA-8E085C849AEA}.Debug|Any CPU.ActiveCfg = Debug|Any CPU
		{ABC41473-6BC2-440C-BACA-8E085C849AEA}.Debug|Any CPU.Build.0 = Debug|Any CPU
		{ABC41473-6BC2-440C-BACA-8E085C849AEA}.Release|Any CPU.ActiveCfg = Release|Any CPU
		{ABC41473-6BC2-440C-BACA-8E085C849AEA}.Release|Any CPU.Build.0 = Release|Any CPU
	EndGlobalSection
	GlobalSection(SolutionProperties) = preSolution
		HideSolutionNode = FALSE
	EndGlobalSection
	GlobalSection(NestedProjects) = preSolution
		{B9CA5B98-785C-43E8-BA53-CB3572476216} = {7FA05C3F-F0AE-4FCF-A5A7-F421DD247FDD}
		{C8CC9CB7-B7BD-4B4C-9F0E-82D6550AA31B} = {5EDCF970-41EA-4A88-96E3-2884428581BF}
		{1654A22A-1DE1-46AB-BECF-DF28D2D7A882} = {34BAEF27-F825-4896-A6BA-4553EBD51BB8}
		{4E6258B7-5837-4ABD-91E5-C4F2AA41092A} = {E17A7D77-FDC5-4476-B375-B7EC768DFFA2}
		{ABC41473-6BC2-440C-BACA-8E085C849AEA} = {24C8945A-2528-44BA-9708-BDC4C5B16F54}
	EndGlobalSection
	GlobalSection(ExtensibilityGlobals) = postSolution
		SolutionGuid = {7FD307B0-5731-4DD5-A368-14D6C80A0F63}
	EndGlobalSection
EndGlobal
